
Microsoft Visual Studio Solution File, Format Version 12.00
# Visual Studio 15
VisualStudioVersion = 15.0.28307.960
MinimumVisualStudioVersion = 10.0.40219.1
Project("{FAE04EC0-301F-11D3-BF4B-00C04F79EFBC}") = "Fraction", "Fraction\Fraction.csproj", "{8C81070B-B486-432C-8B2C-336BC8DAA814}"
EndProject
Global
	GlobalSection(SolutionConfigurationPlatforms) = preSolution
		Debug|Any CPU = Debug|Any CPU
		Release|Any CPU = Release|Any CPU
	EndGlobalSection
	GlobalSection(ProjectConfigurationPlatforms) = postSolution
		{8C81070B-B486-432C-8B2C-336BC8DAA814}.Debug|Any CPU.ActiveCfg = Debug|Any CPU
		{8C81070B-B486-432C-8B2C-336BC8DAA814}.Debug|Any CPU.Build.0 = Debug|Any CPU
		{8C81070B-B486-432C-8B2C-336BC8DAA814}.Release|Any CPU.ActiveCfg = Release|Any CPU
		{8C81070B-B486-432C-8B2C-336BC8DAA814}.Release|Any CPU.Build.0 = Release|Any CPU
	EndGlobalSection
	GlobalSection(SolutionProperties) = preSolution
		HideSolutionNode = FALSE
	EndGlobalSection
	GlobalSection(ExtensibilityGlobals) = postSolution
		SolutionGuid = {FAAA7EBA-EDEC-4715-983C-14A5AD96CF02}
	EndGlobalSection
EndGlobal
